
Microsoft Visual Studio Solution File, Format Version 12.00
# Visual Studio Version 17
VisualStudioVersion = 17.5.33424.131
MinimumVisualStudioVersion = 10.0.40219.1
Project("{FAE04EC0-301F-11D3-BF4B-00C04F79EFBC}") = "MinhaAPICore", "MinhaAPICore\MinhaAPICore.csproj", "{37BD3AB3-E740-48FC-A9FE-4D1433365D26}"
EndProject
Global
	GlobalSection(SolutionConfigurationPlatforms) = preSolution
		Debug|Any CPU = Debug|Any CPU
		Release|Any CPU = Release|Any CPU
	EndGlobalSection
	GlobalSection(ProjectConfigurationPlatforms) = postSolution
		{37BD3AB3-E740-48FC-A9FE-4D1433365D26}.Debug|Any CPU.ActiveCfg = Debug|Any CPU
		{37BD3AB3-E740-48FC-A9FE-4D1433365D26}.Debug|Any CPU.Build.0 = Debug|Any CPU
		{37BD3AB3-E740-48FC-A9FE-4D1433365D26}.Release|Any CPU.ActiveCfg = Release|Any CPU
		{37BD3AB3-E740-48FC-A9FE-4D1433365D26}.Release|Any CPU.Build.0 = Release|Any CPU
	EndGlobalSection
	GlobalSection(SolutionProperties) = preSolution
		HideSolutionNode = FALSE
	EndGlobalSection
	GlobalSection(ExtensibilityGlobals) = postSolution
		SolutionGuid = {E2BDDD8D-8BDA-40E9-9B92-F6C7A2926C18}
	EndGlobalSection
EndGlobal
